
Microsoft Visual Studio Solution File, Format Version 12.00
# Visual Studio Version 17
VisualStudioVersion = 17.5.002.0
MinimumVisualStudioVersion = 10.0.40219.1
Project("{9A19103F-16F7-4668-BE54-9A1E7A4F7556}") = "loop-iteration-practice-Andrew-Creswick-Student", "loop-iteration-practice-Andrew-Creswick-Student.csproj", "{2FD2FD5B-B9D0-41DE-887D-AE8ABEB845F8}"
EndProject
Global
	GlobalSection(SolutionConfigurationPlatforms) = preSolution
		Debug|Any CPU = Debug|Any CPU
		Release|Any CPU = Release|Any CPU
	EndGlobalSection
	GlobalSection(ProjectConfigurationPlatforms) = postSolution
		{2FD2FD5B-B9D0-41DE-887D-AE8ABEB845F8}.Debug|Any CPU.ActiveCfg = Debug|Any CPU
		{2FD2FD5B-B9D0-41DE-887D-AE8ABEB845F8}.Debug|Any CPU.Build.0 = Debug|Any CPU
		{2FD2FD5B-B9D0-41DE-887D-AE8ABEB845F8}.Release|Any CPU.ActiveCfg = Release|Any CPU
		{2FD2FD5B-B9D0-41DE-887D-AE8ABEB845F8}.Release|Any CPU.Build.0 = Release|Any CPU
	EndGlobalSection
	GlobalSection(SolutionProperties) = preSolution
		HideSolutionNode = FALSE
	EndGlobalSection
	GlobalSection(ExtensibilityGlobals) = postSolution
		SolutionGuid = {F253A8D5-31D8-429A-9B35-578B9DA0AF36}
	EndGlobalSection
EndGlobal
